
Microsoft Visual Studio Solution File, Format Version 12.00
# Visual Studio 2013
VisualStudioVersion = 12.0.31101.0
MinimumVisualStudioVersion = 10.0.40219.1
Project("{FAE04EC0-301F-11D3-BF4B-00C04F79EFBC}") = "01.Point3D", "01.Point3D\01.Point3D.csproj", "{080977ED-2CEB-49D8-9329-0C75925A393E}"
EndProject
Project("{FAE04EC0-301F-11D3-BF4B-00C04F79EFBC}") = "02DistanceCalculator", "02DistanceCalculator\02DistanceCalculator.csproj", "{062126DF-636D-4A3A-B35F-7C4A1BD9658C}"
EndProject
Project("{FAE04EC0-301F-11D3-BF4B-00C04F79EFBC}") = "03.Paths", "03.Paths\03.Paths.csproj", "{343936D7-895D-4959-AFE4-3F14F5FA412C}"
EndProject
Project("{FAE04EC0-301F-11D3-BF4B-00C04F79EFBC}") = "04.Namespaces", "04.Namespaces\04.Namespaces.csproj", "{935BB7AB-5030-4445-91AB-C36C17F5B193}"
EndProject
Global
	GlobalSection(SolutionConfigurationPlatforms) = preSolution
		Debug|Any CPU = Debug|Any CPU
		Release|Any CPU = Release|Any CPU
	EndGlobalSection
	GlobalSection(ProjectConfigurationPlatforms) = postSolution
		{080977ED-2CEB-49D8-9329-0C75925A393E}.Debug|Any CPU.ActiveCfg = Debug|Any CPU
		{080977ED-2CEB-49D8-9329-0C75925A393E}.Debug|Any CPU.Build.0 = Debug|Any CPU
		{080977ED-2CEB-49D8-9329-0C75925A393E}.Release|Any CPU.ActiveCfg = Release|Any CPU
		{080977ED-2CEB-49D8-9329-0C75925A393E}.Release|Any CPU.Build.0 = Release|Any CPU
		{062126DF-636D-4A3A-B35F-7C4A1BD9658C}.Debug|Any CPU.ActiveCfg = Debug|Any CPU
		{062126DF-636D-4A3A-B35F-7C4A1BD9658C}.Debug|Any CPU.Build.0 = Debug|Any CPU
		{062126DF-636D-4A3A-B35F-7C4A1BD9658C}.Release|Any CPU.ActiveCfg = Release|Any CPU
		{062126DF-636D-4A3A-B35F-7C4A1BD9658C}.Release|Any CPU.Build.0 = Release|Any CPU
		{343936D7-895D-4959-AFE4-3F14F5FA412C}.Debug|Any CPU.ActiveCfg = Debug|Any CPU
		{343936D7-895D-4959-AFE4-3F14F5FA412C}.Debug|Any CPU.Build.0 = Debug|Any CPU
		{343936D7-895D-4959-AFE4-3F14F5FA412C}.Release|Any CPU.ActiveCfg = Release|Any CPU
		{343936D7-895D-4959-AFE4-3F14F5FA412C}.Release|Any CPU.Build.0 = Release|Any CPU
		{935BB7AB-5030-4445-91AB-C36C17F5B193}.Debug|Any CPU.ActiveCfg = Debug|Any CPU
		{935BB7AB-5030-4445-91AB-C36C17F5B193}.Debug|Any CPU.Build.0 = Debug|Any CPU
		{935BB7AB-5030-4445-91AB-C36C17F5B193}.Release|Any CPU.ActiveCfg = Release|Any CPU
		{935BB7AB-5030-4445-91AB-C36C17F5B193}.Release|Any CPU.Build.0 = Release|Any CPU
	EndGlobalSection
	GlobalSection(SolutionProperties) = preSolution
		HideSolutionNode = FALSE
	EndGlobalSection
EndGlobal
