
Microsoft Visual Studio Solution File, Format Version 12.00
# Visual Studio 2013
VisualStudioVersion = 12.0.31101.0
MinimumVisualStudioVersion = 10.0.40219.1
Project("{FAE04EC0-301F-11D3-BF4B-00C04F79EFBC}") = "Problem1HumanStudentAndWorker", "Problem1HumanStudentAndWorker\Problem1HumanStudentAndWorker.csproj", "{54C88B82-94DD-4274-B98C-4F913BD33F59}"
EndProject
Project("{FAE04EC0-301F-11D3-BF4B-00C04F79EFBC}") = "Problem2Animals", "Problem2Animals\Problem2Animals.csproj", "{41C17F25-C135-47BB-A267-6E51A0B8345D}"
EndProject
Project("{FAE04EC0-301F-11D3-BF4B-00C04F79EFBC}") = "Problem3CompanyHierarchy", "Problem3CompanyHierarchy\Problem3CompanyHierarchy.csproj", "{46EF3AA0-2FFD-48C6-95FA-25862C755B5E}"
EndProject
Global
	GlobalSection(SolutionConfigurationPlatforms) = preSolution
		Debug|Any CPU = Debug|Any CPU
		Release|Any CPU = Release|Any CPU
	EndGlobalSection
	GlobalSection(ProjectConfigurationPlatforms) = postSolution
		{54C88B82-94DD-4274-B98C-4F913BD33F59}.Debug|Any CPU.ActiveCfg = Debug|Any CPU
		{54C88B82-94DD-4274-B98C-4F913BD33F59}.Debug|Any CPU.Build.0 = Debug|Any CPU
		{54C88B82-94DD-4274-B98C-4F913BD33F59}.Release|Any CPU.ActiveCfg = Release|Any CPU
		{54C88B82-94DD-4274-B98C-4F913BD33F59}.Release|Any CPU.Build.0 = Release|Any CPU
		{41C17F25-C135-47BB-A267-6E51A0B8345D}.Debug|Any CPU.ActiveCfg = Debug|Any CPU
		{41C17F25-C135-47BB-A267-6E51A0B8345D}.Debug|Any CPU.Build.0 = Debug|Any CPU
		{41C17F25-C135-47BB-A267-6E51A0B8345D}.Release|Any CPU.ActiveCfg = Release|Any CPU
		{41C17F25-C135-47BB-A267-6E51A0B8345D}.Release|Any CPU.Build.0 = Release|Any CPU
		{46EF3AA0-2FFD-48C6-95FA-25862C755B5E}.Debug|Any CPU.ActiveCfg = Debug|Any CPU
		{46EF3AA0-2FFD-48C6-95FA-25862C755B5E}.Debug|Any CPU.Build.0 = Debug|Any CPU
		{46EF3AA0-2FFD-48C6-95FA-25862C755B5E}.Release|Any CPU.ActiveCfg = Release|Any CPU
		{46EF3AA0-2FFD-48C6-95FA-25862C755B5E}.Release|Any CPU.Build.0 = Release|Any CPU
	EndGlobalSection
	GlobalSection(SolutionProperties) = preSolution
		HideSolutionNode = FALSE
	EndGlobalSection
EndGlobal
