
Microsoft Visual Studio Solution File, Format Version 12.00
# Visual Studio 2013
VisualStudioVersion = 12.0.31101.0
MinimumVisualStudioVersion = 10.0.40219.1
Project("{FAE04EC0-301F-11D3-BF4B-00C04F79EFBC}") = "Problem1ReverseString", "Problem1ReverseString\Problem1ReverseString.csproj", "{1762A84B-B050-45C0-955C-1B68C162BE12}"
EndProject
Project("{FAE04EC0-301F-11D3-BF4B-00C04F79EFBC}") = "Problem2StringLength", "Problem2StringLength\Problem2StringLength.csproj", "{C4DE17FA-1FB3-45A2-A172-56FDFE588E0E}"
EndProject
Project("{FAE04EC0-301F-11D3-BF4B-00C04F79EFBC}") = "Problem3CountSubstringOccurrences", "Problem3CountSubstringOccurrences\Problem3CountSubstringOccurrences.csproj", "{6DF95983-EFA3-4BB2-A11E-F89A178C81DD}"
EndProject
Project("{FAE04EC0-301F-11D3-BF4B-00C04F79EFBC}") = "Problem4TextFilter", "Problem4TextFilter\Problem4TextFilter.csproj", "{7A1A4A37-5385-4681-99EB-FF9AAFA44774}"
EndProject
Project("{FAE04EC0-301F-11D3-BF4B-00C04F79EFBC}") = "Problem5UnicodeCharacters", "Problem5UnicodeCharacters\Problem5UnicodeCharacters.csproj", "{A6D47421-31C8-453E-8CCD-D122DAAC9E2F}"
EndProject
Project("{FAE04EC0-301F-11D3-BF4B-00C04F79EFBC}") = "Problem6Palindromes", "Problem6Palindromes\Problem6Palindromes.csproj", "{C2A1712F-675B-474B-848C-C6E5618A5D07}"
EndProject
Global
	GlobalSection(SolutionConfigurationPlatforms) = preSolution
		Debug|Any CPU = Debug|Any CPU
		Release|Any CPU = Release|Any CPU
	EndGlobalSection
	GlobalSection(ProjectConfigurationPlatforms) = postSolution
		{1762A84B-B050-45C0-955C-1B68C162BE12}.Debug|Any CPU.ActiveCfg = Debug|Any CPU
		{1762A84B-B050-45C0-955C-1B68C162BE12}.Debug|Any CPU.Build.0 = Debug|Any CPU
		{1762A84B-B050-45C0-955C-1B68C162BE12}.Release|Any CPU.ActiveCfg = Release|Any CPU
		{1762A84B-B050-45C0-955C-1B68C162BE12}.Release|Any CPU.Build.0 = Release|Any CPU
		{C4DE17FA-1FB3-45A2-A172-56FDFE588E0E}.Debug|Any CPU.ActiveCfg = Debug|Any CPU
		{C4DE17FA-1FB3-45A2-A172-56FDFE588E0E}.Debug|Any CPU.Build.0 = Debug|Any CPU
		{C4DE17FA-1FB3-45A2-A172-56FDFE588E0E}.Release|Any CPU.ActiveCfg = Release|Any CPU
		{C4DE17FA-1FB3-45A2-A172-56FDFE588E0E}.Release|Any CPU.Build.0 = Release|Any CPU
		{6DF95983-EFA3-4BB2-A11E-F89A178C81DD}.Debug|Any CPU.ActiveCfg = Debug|Any CPU
		{6DF95983-EFA3-4BB2-A11E-F89A178C81DD}.Debug|Any CPU.Build.0 = Debug|Any CPU
		{6DF95983-EFA3-4BB2-A11E-F89A178C81DD}.Release|Any CPU.ActiveCfg = Release|Any CPU
		{6DF95983-EFA3-4BB2-A11E-F89A178C81DD}.Release|Any CPU.Build.0 = Release|Any CPU
		{7A1A4A37-5385-4681-99EB-FF9AAFA44774}.Debug|Any CPU.ActiveCfg = Debug|Any CPU
		{7A1A4A37-5385-4681-99EB-FF9AAFA44774}.Debug|Any CPU.Build.0 = Debug|Any CPU
		{7A1A4A37-5385-4681-99EB-FF9AAFA44774}.Release|Any CPU.ActiveCfg = Release|Any CPU
		{7A1A4A37-5385-4681-99EB-FF9AAFA44774}.Release|Any CPU.Build.0 = Release|Any CPU
		{A6D47421-31C8-453E-8CCD-D122DAAC9E2F}.Debug|Any CPU.ActiveCfg = Debug|Any CPU
		{A6D47421-31C8-453E-8CCD-D122DAAC9E2F}.Debug|Any CPU.Build.0 = Debug|Any CPU
		{A6D47421-31C8-453E-8CCD-D122DAAC9E2F}.Release|Any CPU.ActiveCfg = Release|Any CPU
		{A6D47421-31C8-453E-8CCD-D122DAAC9E2F}.Release|Any CPU.Build.0 = Release|Any CPU
		{C2A1712F-675B-474B-848C-C6E5618A5D07}.Debug|Any CPU.ActiveCfg = Debug|Any CPU
		{C2A1712F-675B-474B-848C-C6E5618A5D07}.Debug|Any CPU.Build.0 = Debug|Any CPU
		{C2A1712F-675B-474B-848C-C6E5618A5D07}.Release|Any CPU.ActiveCfg = Release|Any CPU
		{C2A1712F-675B-474B-848C-C6E5618A5D07}.Release|Any CPU.Build.0 = Release|Any CPU
	EndGlobalSection
	GlobalSection(SolutionProperties) = preSolution
		HideSolutionNode = FALSE
	EndGlobalSection
EndGlobal
